
Microsoft Visual Studio Solution File, Format Version 12.00
# Visual Studio 15
VisualStudioVersion = 15.0.27428.2037
MinimumVisualStudioVersion = 10.0.40219.1
Project("{FAE04EC0-301F-11D3-BF4B-00C04F79EFBC}") = "GetDataConsole", "GetDataConsole\GetDataConsole.csproj", "{95DAA06F-581F-4222-B5BE-4BC6C656192A}"
EndProject
Project("{FAE04EC0-301F-11D3-BF4B-00C04F79EFBC}") = "SalesForce365Library", "SalesForce365Library\SalesForce365Library\SalesForce365Library.csproj", "{45ECF7E6-D6E9-4083-9303-2F3A8FE7C086}"
EndProject
Global
	GlobalSection(SolutionConfigurationPlatforms) = preSolution
		Debug|Any CPU = Debug|Any CPU
		Release|Any CPU = Release|Any CPU
	EndGlobalSection
	GlobalSection(ProjectConfigurationPlatforms) = postSolution
		{95DAA06F-581F-4222-B5BE-4BC6C656192A}.Debug|Any CPU.ActiveCfg = Debug|Any CPU
		{95DAA06F-581F-4222-B5BE-4BC6C656192A}.Debug|Any CPU.Build.0 = Debug|Any CPU
		{95DAA06F-581F-4222-B5BE-4BC6C656192A}.Release|Any CPU.ActiveCfg = Release|Any CPU
		{95DAA06F-581F-4222-B5BE-4BC6C656192A}.Release|Any CPU.Build.0 = Release|Any CPU
		{45ECF7E6-D6E9-4083-9303-2F3A8FE7C086}.Debug|Any CPU.ActiveCfg = Debug|Any CPU
		{45ECF7E6-D6E9-4083-9303-2F3A8FE7C086}.Debug|Any CPU.Build.0 = Debug|Any CPU
		{45ECF7E6-D6E9-4083-9303-2F3A8FE7C086}.Release|Any CPU.ActiveCfg = Release|Any CPU
		{45ECF7E6-D6E9-4083-9303-2F3A8FE7C086}.Release|Any CPU.Build.0 = Release|Any CPU
	EndGlobalSection
	GlobalSection(SolutionProperties) = preSolution
		HideSolutionNode = FALSE
	EndGlobalSection
	GlobalSection(ExtensibilityGlobals) = postSolution
		SolutionGuid = {09EBAC10-087B-47A2-8F2C-5EA41CC69FF1}
	EndGlobalSection
EndGlobal
